{
  "requires": true,
  "lockfileVersion": 1,
  "dependencies": {
    "husky": {
      "version": "5.0.4",
      "resolved": "https://registry.npmjs.org/husky/-/husky-5.0.4.tgz",
      "integrity": "sha512-35tdr4zrmJrpMconZggELF8zzNuddp2NEpPc4AjplPoYJauPZU6WuvCCrJYOTZv5UUj9C15ikQWCcTXk4jJj9Q==",
      "dev": true
    }
  }
}
